
Microsoft Visual Studio Solution File, Format Version 12.00
# Visual Studio Version 17
VisualStudioVersion = 17.10.35013.160
MinimumVisualStudioVersion = 10.0.40219.1
Project("{9A19103F-16F7-4668-BE54-9A1E7A4F7556}") = "ProjectAnalyzer.Core", "ProjectAnalyzer.Core\ProjectAnalyzer.Core.csproj", "{4A238F7B-548A-4269-9362-A4EA12E33664}"
EndProject
Project("{FAE04EC0-301F-11D3-BF4B-00C04F79EFBC}") = "ProjectAnalyzer.CLI", "ProjectAnalyzer.CLI\ProjectAnalyzer.CLI.csproj", "{447A104D-3D88-40CC-94DF-AADD74DD8394}"
EndProject
Global
	GlobalSection(SolutionConfigurationPlatforms) = preSolution
		Debug|Any CPU = Debug|Any CPU
		Release|Any CPU = Release|Any CPU
	EndGlobalSection
	GlobalSection(ProjectConfigurationPlatforms) = postSolution
		{4A238F7B-548A-4269-9362-A4EA12E33664}.Debug|Any CPU.ActiveCfg = Debug|Any CPU
		{4A238F7B-548A-4269-9362-A4EA12E33664}.Debug|Any CPU.Build.0 = Debug|Any CPU
		{4A238F7B-548A-4269-9362-A4EA12E33664}.Release|Any CPU.ActiveCfg = Release|Any CPU
		{4A238F7B-548A-4269-9362-A4EA12E33664}.Release|Any CPU.Build.0 = Release|Any CPU
		{447A104D-3D88-40CC-94DF-AADD74DD8394}.Debug|Any CPU.ActiveCfg = Debug|Any CPU
		{447A104D-3D88-40CC-94DF-AADD74DD8394}.Debug|Any CPU.Build.0 = Debug|Any CPU
		{447A104D-3D88-40CC-94DF-AADD74DD8394}.Release|Any CPU.ActiveCfg = Release|Any CPU
		{447A104D-3D88-40CC-94DF-AADD74DD8394}.Release|Any CPU.Build.0 = Release|Any CPU
	EndGlobalSection
	GlobalSection(SolutionProperties) = preSolution
		HideSolutionNode = FALSE
	EndGlobalSection
	GlobalSection(ExtensibilityGlobals) = postSolution
		SolutionGuid = {E2192C11-B01A-458C-8BA2-A2908F316795}
	EndGlobalSection
EndGlobal
